{
  "nodes": {
    "nixpkgs": {
      "locked": {
        "lastModified": 1774782036,
        "narHash": "sha256-qlmEFm4oyRIIWh4Uh3/rNoWKdhyLru7v1CfgAeBORZA=",
        "owner": "nixos",
        "repo": "nixpkgs",
        "rev": "c54d9276d4434ba58489c269592f8505ade1f75b",
        "type": "github"
      },
      "original": {
        "owner": "nixos",
        "repo": "nixpkgs",
        "type": "github"
      }
    },
    "root": {
      "inputs": {
        "nixpkgs": "nixpkgs"
      }
    }
  },
  "root": "root",
  "version": 7
}
